#MicroXplorer Configuration settings - do not modify
CAD.formats=[]
CAD.pinconfig=Project naming
CAD.provider=
File.Version=6
KeepUserPlacement=false
Mcu.CPN=STM32F411VEH6
Mcu.Family=STM32F4
Mcu.IP0=NVIC
Mcu.IP1=RCC
Mcu.IPNb=2
Mcu.Name=STM32F411V(C-E)Hx
Mcu.Package=UFBGA100
Mcu.PinsNb=0
Mcu.ThirdPartyNb=0
Mcu.UserConstants=
Mcu.UserName=STM32F411VEHx
MxCube.Version=6.8.1
MxDb.Version=DB.6.0.81
NVIC.BusFault_IRQn=true\:0\:0\:false\:false\:true\:false\:false\:false
NVIC.DebugMonitor_IRQn=true\:0\:0\:false\:false\:true\:false\:false\:false
NVIC.ForceEnableDMAVector=true
NVIC.HardFault_IRQn=true\:0\:0\:false\:false\:true\:false\:false\:false
NVIC.MemoryManagement_IRQn=true\:0\:0\:false\:false\:true\:false\:false\:false
NVIC.NonMaskableInt_IRQn=true\:0\:0\:false\:false\:true\:false\:false\:false
NVIC.PendSV_IRQn=true\:0\:0\:false\:false\:true\:false\:false\:false
NVIC.PriorityGroup=NVIC_PRIORITYGROUP_4
NVIC.SVCall_IRQn=true\:0\:0\:false\:false\:true\:false\:false\:false
NVIC.SysTick_IRQn=true\:15\:0\:false\:false\:true\:false\:true\:false
NVIC.UsageFault_IRQn=true\:0\:0\:false\:false\:true\:false\:false\:false
PCC.Checker=false
PCC.Line=STM32F411
PCC.MCU=STM32F411V(C-E)Hx
PCC.PartNumber=STM32F411VEHx
PCC.Seq0=5
PCC.Seq0.Step0.Average_Current=12.7 mA
PCC.Seq0.Step0.CPU_Frequency=100 MHz
PCC.Seq0.Step0.Category=In DS Table
PCC.Seq0.Step0.DMIPS=125.0
PCC.Seq0.Step0.Duration=0.1 ms
PCC.Seq0.Step0.Frequency=4 MHz
PCC.Seq0.Step0.Memory=SRAM
PCC.Seq0.Step0.Mode=RUN
PCC.Seq0.Step0.Oscillator=HSE PLL
PCC.Seq0.Step0.Peripherals=
PCC.Seq0.Step0.TaMax=103.66
PCC.Seq0.Step0.User's_Consumption=0 mA
PCC.Seq0.Step0.Vcore=Scale1-High
PCC.Seq0.Step0.Vdd=1.7
PCC.Seq0.Step0.Voltage_Source=Battery
PCC.Seq0.Step1.Average_Current=9 \u00B5A
PCC.Seq0.Step1.CPU_Frequency=0 Hz
PCC.Seq0.Step1.Category=In DS Table
PCC.Seq0.Step1.DMIPS=0.0
PCC.Seq0.Step1.Duration=0.9 ms
PCC.Seq0.Step1.Frequency=0 Hz
PCC.Seq0.Step1.Memory=n/a
PCC.Seq0.Step1.Mode=STOP
PCC.Seq0.Step1.Oscillator=Regulator_LPLV Flash-PwrDwn
PCC.Seq0.Step1.Peripherals=
PCC.Seq0.Step1.TaMax=105
PCC.Seq0.Step1.User's_Consumption=0 mA
PCC.Seq0.Step1.Vcore=No Scale
PCC.Seq0.Step1.Vdd=1.7
PCC.Seq0.Step1.Voltage_Source=Battery
PCC.Seq0.Step2.Average_Current=19.42 mA
PCC.Seq0.Step2.CPU_Frequency=84 MHz
PCC.Seq0.Step2.Category=In DS Table
PCC.Seq0.Step2.DMIPS=105.0
PCC.Seq0.Step2.Duration=1 ms
PCC.Seq0.Step2.Frequency=4 MHz
PCC.Seq0.Step2.Memory=FLASH
PCC.Seq0.Step2.Mode=RUN
PCC.Seq0.Step2.Oscillator=HSE PLL
PCC.Seq0.Step2.Peripherals=GPIOA I2C1 TIM2 USART1 WWDG
PCC.Seq0.Step2.TaMax=100.67
PCC.Seq0.Step2.User's_Consumption=0 mA
PCC.Seq0.Step2.Vcore=Scale2-Medium
PCC.Seq0.Step2.Vdd=3.6
PCC.Seq0.Step2.Voltage_Source=Battery
PCC.Seq0.Step3.Average_Current=19.5 mA
PCC.Seq0.Step3.CPU_Frequency=84 MHz
PCC.Seq0.Step3.Category=In DS Table
PCC.Seq0.Step3.DMIPS=105.0
PCC.Seq0.Step3.Duration=1 ms
PCC.Seq0.Step3.Frequency=4 MHz
PCC.Seq0.Step3.Memory=FLASH
PCC.Seq0.Step3.Mode=RUN
PCC.Seq0.Step3.Oscillator=HSE PLL
PCC.Seq0.Step3.Peripherals=DMA1\:1_Stream GPIOA GPIOE I2C1 SPI1 USART1
PCC.Seq0.Step3.TaMax=100.65
PCC.Seq0.Step3.User's_Consumption=0 mA
PCC.Seq0.Step3.Vcore=Scale2-Medium
PCC.Seq0.Step3.Vdd=3.6
PCC.Seq0.Step3.Voltage_Source=Battery
PCC.Seq0.Step4.Average_Current=19.37 mA
PCC.Seq0.Step4.CPU_Frequency=84 MHz
PCC.Seq0.Step4.Category=In DS Table
PCC.Seq0.Step4.DMIPS=105.0
PCC.Seq0.Step4.Duration=1 ms
PCC.Seq0.Step4.Frequency=4 MHz
PCC.Seq0.Step4.Memory=FLASH
PCC.Seq0.Step4.Mode=RUN
PCC.Seq0.Step4.Oscillator=HSE PLL
PCC.Seq0.Step4.Peripherals=DMA1\:1_Stream GPIOA I2C1 SPI1 USART1
PCC.Seq0.Step4.TaMax=100.68
PCC.Seq0.Step4.User's_Consumption=0 mA
PCC.Seq0.Step4.Vcore=Scale2-Medium
PCC.Seq0.Step4.Vdd=3.6
PCC.Seq0.Step4.Voltage_Source=Battery
PCC.Series=STM32F4
PCC.Temperature=25
PCC.Vdd=1.7
PinOutPanel.CurrentBGAView=Top
PinOutPanel.RotationAngle=0
ProjectManager.AskForMigrate=true
ProjectManager.BackupPrevious=false
ProjectManager.CompilerOptimize=6
ProjectManager.ComputerToolchain=false
ProjectManager.CoupleFile=true
ProjectManager.CustomerFirmwarePackage=
ProjectManager.DefaultFWLocation=true
ProjectManager.DeletePrevious=true
ProjectManager.DeviceId=STM32F411VEHx
ProjectManager.FirmwarePackage=STM32Cube FW_F4 V1.27.1
ProjectManager.FreePins=false
ProjectManager.HalAssertFull=false
ProjectManager.HeapSize=0x200
ProjectManager.KeepUserCode=true
ProjectManager.LastFirmware=true
ProjectManager.LibraryCopy=1
ProjectManager.MainLocation=Core/Src
ProjectManager.MultiThreaded=true
ProjectManager.NoMain=false
ProjectManager.PreviousToolchain=
ProjectManager.ProjectBuild=false
ProjectManager.ProjectFileName=stm_register.ioc
ProjectManager.ProjectName=stm_register
ProjectManager.ProjectStructure=
ProjectManager.RegisterCallBack=
ProjectManager.StackSize=0x400
ProjectManager.TargetToolchain=STM32CubeIDE
ProjectManager.TemplateDestinationPath=C\:\\Users\\congt\\STM32CubeIDE\\workspace_1.12.1\\stm_register
ProjectManager.TemplateSourcePath=C\:\\ST\\STM32CubeIDE_1.12.1\\STM32CubeIDE\\plugins\\com.st.stm32cube.common.mx_6.8.1.202304191431\\db\\extra_templates
ProjectManager.ThreadSafeStrategy=Cortex-M4NS\:Default,
ProjectManager.ToolChainLocation=
ProjectManager.UnderRoot=true
ProjectManager.functionlistsort=1-SystemClock_Config-RCC-false-HAL-false
RCC.AHBFreq_Value=16000000
RCC.APB1Freq_Value=16000000
RCC.APB2Freq_Value=16000000
RCC.CortexFreq_Value=16000000
RCC.FamilyName=M
RCC.HSE_VALUE=25000000
RCC.HSI_VALUE=16000000
RCC.I2SClocksFreq_Value=96000000
RCC.IPParameters=AHBFreq_Value,APB1Freq_Value,APB2Freq_Value,CortexFreq_Value,FamilyName,HSE_VALUE,HSI_VALUE,I2SClocksFreq_Value,LSE_VALUE,LSI_VALUE,PLLCLKFreq_Value,PLLQCLKFreq_Value,RTCFreq_Value,RTCHSEDivFreq_Value,SYSCLKFreq_VALUE,VCOI2SOutputFreq_Value,VCOInputFreq_Value,VCOInputMFreq_Value,VCOOutputFreq_Value,VcooutputI2S
RCC.LSE_VALUE=32768
RCC.LSI_VALUE=32000
RCC.PLLCLKFreq_Value=96000000
RCC.PLLQCLKFreq_Value=48000000
RCC.RTCFreq_Value=32000
RCC.RTCHSEDivFreq_Value=12500000
RCC.SYSCLKFreq_VALUE=16000000
RCC.VCOI2SOutputFreq_Value=192000000
RCC.VCOInputFreq_Value=1000000
RCC.VCOInputMFreq_Value=1000000
RCC.VCOOutputFreq_Value=192000000
RCC.VcooutputI2S=96000000
board=custom
isbadioc=false
